
Microsoft Visual Studio Solution File, Format Version 12.00
# Visual Studio Version 16
VisualStudioVersion = 16.0.29318.209
MinimumVisualStudioVersion = 10.0.40219.1
Project("{FAE04EC0-301F-11D3-BF4B-00C04F79EFBC}") = "Frame.Android", "Frame\Frame.Android\Frame.Android.csproj", "{CA987BB8-D15A-4B08-9830-CD53E86921EB}"
EndProject
Project("{FAE04EC0-301F-11D3-BF4B-00C04F79EFBC}") = "Frame.iOS", "Frame\Frame.iOS\Frame.iOS.csproj", "{6C0B1186-672A-4582-A37B-4D498EB9B15C}"
EndProject
Project("{FAE04EC0-301F-11D3-BF4B-00C04F79EFBC}") = "Frame", "Frame\Frame\Frame.csproj", "{CA895642-7198-48F1-97B6-848CB7937605}"
EndProject
Global
	GlobalSection(SolutionConfigurationPlatforms) = preSolution
		Debug|Any CPU = Debug|Any CPU
		Debug|iPhone = Debug|iPhone
		Debug|iPhoneSimulator = Debug|iPhoneSimulator
		Release|Any CPU = Release|Any CPU
		Release|iPhone = Release|iPhone
		Release|iPhoneSimulator = Release|iPhoneSimulator
	EndGlobalSection
	GlobalSection(ProjectConfigurationPlatforms) = postSolution
		{CA987BB8-D15A-4B08-9830-CD53E86921EB}.Debug|Any CPU.ActiveCfg = Debug|Any CPU
		{CA987BB8-D15A-4B08-9830-CD53E86921EB}.Debug|Any CPU.Build.0 = Debug|Any CPU
		{CA987BB8-D15A-4B08-9830-CD53E86921EB}.Debug|Any CPU.Deploy.0 = Debug|Any CPU
		{CA987BB8-D15A-4B08-9830-CD53E86921EB}.Debug|iPhone.ActiveCfg = Debug|Any CPU
		{CA987BB8-D15A-4B08-9830-CD53E86921EB}.Debug|iPhone.Build.0 = Debug|Any CPU
		{CA987BB8-D15A-4B08-9830-CD53E86921EB}.Debug|iPhone.Deploy.0 = Debug|Any CPU
		{CA987BB8-D15A-4B08-9830-CD53E86921EB}.Debug|iPhoneSimulator.ActiveCfg = Debug|Any CPU
		{CA987BB8-D15A-4B08-9830-CD53E86921EB}.Debug|iPhoneSimulator.Build.0 = Debug|Any CPU
		{CA987BB8-D15A-4B08-9830-CD53E86921EB}.Debug|iPhoneSimulator.Deploy.0 = Debug|Any CPU
		{CA987BB8-D15A-4B08-9830-CD53E86921EB}.Release|Any CPU.ActiveCfg = Release|Any CPU
		{CA987BB8-D15A-4B08-9830-CD53E86921EB}.Release|Any CPU.Build.0 = Release|Any CPU
		{CA987BB8-D15A-4B08-9830-CD53E86921EB}.Release|Any CPU.Deploy.0 = Release|Any CPU
		{CA987BB8-D15A-4B08-9830-CD53E86921EB}.Release|iPhone.ActiveCfg = Release|Any CPU
		{CA987BB8-D15A-4B08-9830-CD53E86921EB}.Release|iPhone.Build.0 = Release|Any CPU
		{CA987BB8-D15A-4B08-9830-CD53E86921EB}.Release|iPhone.Deploy.0 = Release|Any CPU
		{CA987BB8-D15A-4B08-9830-CD53E86921EB}.Release|iPhoneSimulator.ActiveCfg = Release|Any CPU
		{CA987BB8-D15A-4B08-9830-CD53E86921EB}.Release|iPhoneSimulator.Build.0 = Release|Any CPU
		{CA987BB8-D15A-4B08-9830-CD53E86921EB}.Release|iPhoneSimulator.Deploy.0 = Release|Any CPU
		{6C0B1186-672A-4582-A37B-4D498EB9B15C}.Debug|Any CPU.ActiveCfg = Debug|iPhoneSimulator
		{6C0B1186-672A-4582-A37B-4D498EB9B15C}.Debug|Any CPU.Build.0 = Debug|iPhoneSimulator
		{6C0B1186-672A-4582-A37B-4D498EB9B15C}.Debug|Any CPU.Deploy.0 = Debug|iPhoneSimulator
		{6C0B1186-672A-4582-A37B-4D498EB9B15C}.Debug|iPhone.ActiveCfg = Debug|iPhone
		{6C0B1186-672A-4582-A37B-4D498EB9B15C}.Debug|iPhone.Build.0 = Debug|iPhone
		{6C0B1186-672A-4582-A37B-4D498EB9B15C}.Debug|iPhone.Deploy.0 = Debug|iPhone
		{6C0B1186-672A-4582-A37B-4D498EB9B15C}.Debug|iPhoneSimulator.ActiveCfg = Debug|iPhoneSimulator
		{6C0B1186-672A-4582-A37B-4D498EB9B15C}.Debug|iPhoneSimulator.Build.0 = Debug|iPhoneSimulator
		{6C0B1186-672A-4582-A37B-4D498EB9B15C}.Debug|iPhoneSimulator.Deploy.0 = Debug|iPhoneSimulator
		{6C0B1186-672A-4582-A37B-4D498EB9B15C}.Release|Any CPU.ActiveCfg = Release|iPhone
		{6C0B1186-672A-4582-A37B-4D498EB9B15C}.Release|Any CPU.Build.0 = Release|iPhone
		{6C0B1186-672A-4582-A37B-4D498EB9B15C}.Release|Any CPU.Deploy.0 = Release|iPhone
		{6C0B1186-672A-4582-A37B-4D498EB9B15C}.Release|iPhone.ActiveCfg = Release|iPhone
		{6C0B1186-672A-4582-A37B-4D498EB9B15C}.Release|iPhone.Build.0 = Release|iPhone
		{6C0B1186-672A-4582-A37B-4D498EB9B15C}.Release|iPhone.Deploy.0 = Release|iPhone
		{6C0B1186-672A-4582-A37B-4D498EB9B15C}.Release|iPhoneSimulator.ActiveCfg = Release|iPhoneSimulator
		{6C0B1186-672A-4582-A37B-4D498EB9B15C}.Release|iPhoneSimulator.Build.0 = Release|iPhoneSimulator
		{6C0B1186-672A-4582-A37B-4D498EB9B15C}.Release|iPhoneSimulator.Deploy.0 = Release|iPhoneSimulator
		{CA895642-7198-48F1-97B6-848CB7937605}.Debug|Any CPU.ActiveCfg = Debug|Any CPU
		{CA895642-7198-48F1-97B6-848CB7937605}.Debug|Any CPU.Build.0 = Debug|Any CPU
		{CA895642-7198-48F1-97B6-848CB7937605}.Debug|Any CPU.Deploy.0 = Debug|Any CPU
		{CA895642-7198-48F1-97B6-848CB7937605}.Debug|iPhone.ActiveCfg = Debug|Any CPU
		{CA895642-7198-48F1-97B6-848CB7937605}.Debug|iPhone.Build.0 = Debug|Any CPU
		{CA895642-7198-48F1-97B6-848CB7937605}.Debug|iPhone.Deploy.0 = Debug|Any CPU
		{CA895642-7198-48F1-97B6-848CB7937605}.Debug|iPhoneSimulator.ActiveCfg = Debug|Any CPU
		{CA895642-7198-48F1-97B6-848CB7937605}.Debug|iPhoneSimulator.Build.0 = Debug|Any CPU
		{CA895642-7198-48F1-97B6-848CB7937605}.Debug|iPhoneSimulator.Deploy.0 = Debug|Any CPU
		{CA895642-7198-48F1-97B6-848CB7937605}.Release|Any CPU.ActiveCfg = Release|Any CPU
		{CA895642-7198-48F1-97B6-848CB7937605}.Release|Any CPU.Build.0 = Release|Any CPU
		{CA895642-7198-48F1-97B6-848CB7937605}.Release|Any CPU.Deploy.0 = Release|Any CPU
		{CA895642-7198-48F1-97B6-848CB7937605}.Release|iPhone.ActiveCfg = Release|Any CPU
		{CA895642-7198-48F1-97B6-848CB7937605}.Release|iPhone.Build.0 = Release|Any CPU
		{CA895642-7198-48F1-97B6-848CB7937605}.Release|iPhone.Deploy.0 = Release|Any CPU
		{CA895642-7198-48F1-97B6-848CB7937605}.Release|iPhoneSimulator.ActiveCfg = Release|Any CPU
		{CA895642-7198-48F1-97B6-848CB7937605}.Release|iPhoneSimulator.Build.0 = Release|Any CPU
		{CA895642-7198-48F1-97B6-848CB7937605}.Release|iPhoneSimulator.Deploy.0 = Release|Any CPU
	EndGlobalSection
	GlobalSection(SolutionProperties) = preSolution
		HideSolutionNode = FALSE
	EndGlobalSection
	GlobalSection(ExtensibilityGlobals) = postSolution
		SolutionGuid = {706A50B4-9945-4EDB-9C09-CC69A178C31F}
	EndGlobalSection
EndGlobal
