
Microsoft Visual Studio Solution File, Format Version 12.00
# Visual Studio Version 16
VisualStudioVersion = 16.0.29318.209
MinimumVisualStudioVersion = 10.0.40219.1
Project("{FAE04EC0-301F-11D3-BF4B-00C04F79EFBC}") = "Explicit.Android", "Explicit\Explicit.Android\Explicit.Android.csproj", "{E5C32421-ED84-48E2-BDE6-F5E4B80DC12B}"
EndProject
Project("{FAE04EC0-301F-11D3-BF4B-00C04F79EFBC}") = "Explicit.iOS", "Explicit\Explicit.iOS\Explicit.iOS.csproj", "{4983B98E-1B09-4800-B08A-28C7FABC161C}"
EndProject
Project("{FAE04EC0-301F-11D3-BF4B-00C04F79EFBC}") = "Explicit", "Explicit\Explicit\Explicit.csproj", "{FB4108AE-BA50-4AF4-8C13-E2AFE7A7DE11}"
EndProject
Global
	GlobalSection(SolutionConfigurationPlatforms) = preSolution
		Debug|Any CPU = Debug|Any CPU
		Debug|iPhone = Debug|iPhone
		Debug|iPhoneSimulator = Debug|iPhoneSimulator
		Release|Any CPU = Release|Any CPU
		Release|iPhone = Release|iPhone
		Release|iPhoneSimulator = Release|iPhoneSimulator
	EndGlobalSection
	GlobalSection(ProjectConfigurationPlatforms) = postSolution
		{E5C32421-ED84-48E2-BDE6-F5E4B80DC12B}.Debug|Any CPU.ActiveCfg = Debug|Any CPU
		{E5C32421-ED84-48E2-BDE6-F5E4B80DC12B}.Debug|Any CPU.Build.0 = Debug|Any CPU
		{E5C32421-ED84-48E2-BDE6-F5E4B80DC12B}.Debug|Any CPU.Deploy.0 = Debug|Any CPU
		{E5C32421-ED84-48E2-BDE6-F5E4B80DC12B}.Debug|iPhone.ActiveCfg = Debug|Any CPU
		{E5C32421-ED84-48E2-BDE6-F5E4B80DC12B}.Debug|iPhone.Build.0 = Debug|Any CPU
		{E5C32421-ED84-48E2-BDE6-F5E4B80DC12B}.Debug|iPhone.Deploy.0 = Debug|Any CPU
		{E5C32421-ED84-48E2-BDE6-F5E4B80DC12B}.Debug|iPhoneSimulator.ActiveCfg = Debug|Any CPU
		{E5C32421-ED84-48E2-BDE6-F5E4B80DC12B}.Debug|iPhoneSimulator.Build.0 = Debug|Any CPU
		{E5C32421-ED84-48E2-BDE6-F5E4B80DC12B}.Debug|iPhoneSimulator.Deploy.0 = Debug|Any CPU
		{E5C32421-ED84-48E2-BDE6-F5E4B80DC12B}.Release|Any CPU.ActiveCfg = Release|Any CPU
		{E5C32421-ED84-48E2-BDE6-F5E4B80DC12B}.Release|Any CPU.Build.0 = Release|Any CPU
		{E5C32421-ED84-48E2-BDE6-F5E4B80DC12B}.Release|Any CPU.Deploy.0 = Release|Any CPU
		{E5C32421-ED84-48E2-BDE6-F5E4B80DC12B}.Release|iPhone.ActiveCfg = Release|Any CPU
		{E5C32421-ED84-48E2-BDE6-F5E4B80DC12B}.Release|iPhone.Build.0 = Release|Any CPU
		{E5C32421-ED84-48E2-BDE6-F5E4B80DC12B}.Release|iPhone.Deploy.0 = Release|Any CPU
		{E5C32421-ED84-48E2-BDE6-F5E4B80DC12B}.Release|iPhoneSimulator.ActiveCfg = Release|Any CPU
		{E5C32421-ED84-48E2-BDE6-F5E4B80DC12B}.Release|iPhoneSimulator.Build.0 = Release|Any CPU
		{E5C32421-ED84-48E2-BDE6-F5E4B80DC12B}.Release|iPhoneSimulator.Deploy.0 = Release|Any CPU
		{4983B98E-1B09-4800-B08A-28C7FABC161C}.Debug|Any CPU.ActiveCfg = Debug|iPhoneSimulator
		{4983B98E-1B09-4800-B08A-28C7FABC161C}.Debug|Any CPU.Build.0 = Debug|iPhoneSimulator
		{4983B98E-1B09-4800-B08A-28C7FABC161C}.Debug|Any CPU.Deploy.0 = Debug|iPhoneSimulator
		{4983B98E-1B09-4800-B08A-28C7FABC161C}.Debug|iPhone.ActiveCfg = Debug|iPhone
		{4983B98E-1B09-4800-B08A-28C7FABC161C}.Debug|iPhone.Build.0 = Debug|iPhone
		{4983B98E-1B09-4800-B08A-28C7FABC161C}.Debug|iPhone.Deploy.0 = Debug|iPhone
		{4983B98E-1B09-4800-B08A-28C7FABC161C}.Debug|iPhoneSimulator.ActiveCfg = Debug|iPhoneSimulator
		{4983B98E-1B09-4800-B08A-28C7FABC161C}.Debug|iPhoneSimulator.Build.0 = Debug|iPhoneSimulator
		{4983B98E-1B09-4800-B08A-28C7FABC161C}.Debug|iPhoneSimulator.Deploy.0 = Debug|iPhoneSimulator
		{4983B98E-1B09-4800-B08A-28C7FABC161C}.Release|Any CPU.ActiveCfg = Release|iPhone
		{4983B98E-1B09-4800-B08A-28C7FABC161C}.Release|Any CPU.Build.0 = Release|iPhone
		{4983B98E-1B09-4800-B08A-28C7FABC161C}.Release|Any CPU.Deploy.0 = Release|iPhone
		{4983B98E-1B09-4800-B08A-28C7FABC161C}.Release|iPhone.ActiveCfg = Release|iPhone
		{4983B98E-1B09-4800-B08A-28C7FABC161C}.Release|iPhone.Build.0 = Release|iPhone
		{4983B98E-1B09-4800-B08A-28C7FABC161C}.Release|iPhone.Deploy.0 = Release|iPhone
		{4983B98E-1B09-4800-B08A-28C7FABC161C}.Release|iPhoneSimulator.ActiveCfg = Release|iPhoneSimulator
		{4983B98E-1B09-4800-B08A-28C7FABC161C}.Release|iPhoneSimulator.Build.0 = Release|iPhoneSimulator
		{4983B98E-1B09-4800-B08A-28C7FABC161C}.Release|iPhoneSimulator.Deploy.0 = Release|iPhoneSimulator
		{FB4108AE-BA50-4AF4-8C13-E2AFE7A7DE11}.Debug|Any CPU.ActiveCfg = Debug|Any CPU
		{FB4108AE-BA50-4AF4-8C13-E2AFE7A7DE11}.Debug|Any CPU.Build.0 = Debug|Any CPU
		{FB4108AE-BA50-4AF4-8C13-E2AFE7A7DE11}.Debug|Any CPU.Deploy.0 = Debug|Any CPU
		{FB4108AE-BA50-4AF4-8C13-E2AFE7A7DE11}.Debug|iPhone.ActiveCfg = Debug|Any CPU
		{FB4108AE-BA50-4AF4-8C13-E2AFE7A7DE11}.Debug|iPhone.Build.0 = Debug|Any CPU
		{FB4108AE-BA50-4AF4-8C13-E2AFE7A7DE11}.Debug|iPhone.Deploy.0 = Debug|Any CPU
		{FB4108AE-BA50-4AF4-8C13-E2AFE7A7DE11}.Debug|iPhoneSimulator.ActiveCfg = Debug|Any CPU
		{FB4108AE-BA50-4AF4-8C13-E2AFE7A7DE11}.Debug|iPhoneSimulator.Build.0 = Debug|Any CPU
		{FB4108AE-BA50-4AF4-8C13-E2AFE7A7DE11}.Debug|iPhoneSimulator.Deploy.0 = Debug|Any CPU
		{FB4108AE-BA50-4AF4-8C13-E2AFE7A7DE11}.Release|Any CPU.ActiveCfg = Release|Any CPU
		{FB4108AE-BA50-4AF4-8C13-E2AFE7A7DE11}.Release|Any CPU.Build.0 = Release|Any CPU
		{FB4108AE-BA50-4AF4-8C13-E2AFE7A7DE11}.Release|Any CPU.Deploy.0 = Release|Any CPU
		{FB4108AE-BA50-4AF4-8C13-E2AFE7A7DE11}.Release|iPhone.ActiveCfg = Release|Any CPU
		{FB4108AE-BA50-4AF4-8C13-E2AFE7A7DE11}.Release|iPhone.Build.0 = Release|Any CPU
		{FB4108AE-BA50-4AF4-8C13-E2AFE7A7DE11}.Release|iPhone.Deploy.0 = Release|Any CPU
		{FB4108AE-BA50-4AF4-8C13-E2AFE7A7DE11}.Release|iPhoneSimulator.ActiveCfg = Release|Any CPU
		{FB4108AE-BA50-4AF4-8C13-E2AFE7A7DE11}.Release|iPhoneSimulator.Build.0 = Release|Any CPU
		{FB4108AE-BA50-4AF4-8C13-E2AFE7A7DE11}.Release|iPhoneSimulator.Deploy.0 = Release|Any CPU
	EndGlobalSection
	GlobalSection(SolutionProperties) = preSolution
		HideSolutionNode = FALSE
	EndGlobalSection
	GlobalSection(ExtensibilityGlobals) = postSolution
		SolutionGuid = {56589A66-F82F-4FAD-8B5F-D87CE0616CE5}
	EndGlobalSection
EndGlobal
